
Microsoft Visual Studio Solution File, Format Version 12.00
# Visual Studio Version 16
VisualStudioVersion = 16.0.31005.135
MinimumVisualStudioVersion = 10.0.40219.1
Project("{2150E333-8FDC-42A3-9474-1A3956D46DE8}") = "src", "src", "{3CD7FDA8-F78E-45A4-871B-B84E200E0092}"
EndProject
Project("{2150E333-8FDC-42A3-9474-1A3956D46DE8}") = "test", "test", "{3D1E2A3E-FB1B-4ED1-8FA8-DA7556230BB9}"
EndProject
Project("{2150E333-8FDC-42A3-9474-1A3956D46DE8}") = "docs", "docs", "{E32106AD-DD39-4CF8-89A3-7B74C48D40AF}"
EndProject
Project("{2150E333-8FDC-42A3-9474-1A3956D46DE8}") = "build", "build", "{2CA7C8B3-88F2-4127-9E7C-8B6F6D8AA7FB}"
	ProjectSection(SolutionItems) = preProject
		docker-compose.yaml = docker-compose.yaml
		.github\workflows\dotnet.yml = .github\workflows\dotnet.yml
	EndProjectSection
EndProject
Project("{9A19103F-16F7-4668-BE54-9A1E7A4F7556}") = "Counselor.Platform", "src\Counselor.Platform\Counselor.Platform.csproj", "{2CB53410-1833-4B0D-A650-89A7318ECEF1}"
EndProject
Project("{9A19103F-16F7-4668-BE54-9A1E7A4F7556}") = "Counselor.Platform.Worker", "src\Counselor.Platform.Worker\Counselor.Platform.Worker.csproj", "{96536BB6-892D-48C5-9B1F-6BDAFBD14E46}"
EndProject
Project("{9A19103F-16F7-4668-BE54-9A1E7A4F7556}") = "Counselor.Platform.Tests", "tests\Counselor.Platform.Tests\Counselor.Platform.Tests.csproj", "{C969B46A-A075-45D1-9869-4C7B529D8570}"
EndProject
Project("{9A19103F-16F7-4668-BE54-9A1E7A4F7556}") = "Counselor.Platform.Benchmarks", "tests\Counselor.Platform.Benchmarks\Counselor.Platform.Benchmarks.csproj", "{4FA8868C-3715-48F6-B8FA-391599FE1598}"
EndProject
Project("{9A19103F-16F7-4668-BE54-9A1E7A4F7556}") = "Counselor.Platform.Data", "src\Counselor.Platform.Data\Counselor.Platform.Data.csproj", "{A59B5BAB-5AC8-4090-BDAC-78064E0D3A0B}"
EndProject
Project("{9A19103F-16F7-4668-BE54-9A1E7A4F7556}") = "Counselor.Platform.Interpreter", "src\Counselor.Platform.Interpreter\Counselor.Platform.Interpreter.csproj", "{824058C9-11F3-4BCE-9216-27FCD62BFA18}"
EndProject
Project("{9A19103F-16F7-4668-BE54-9A1E7A4F7556}") = "Counselor.Platform.Api", "src\Counselor.Platform.Api\Counselor.Platform.Api.csproj", "{AC8AA77F-5026-43DB-BC9F-288AEC20FF28}"
EndProject
Project("{9A19103F-16F7-4668-BE54-9A1E7A4F7556}") = "Counselor.Platform.Interoperation", "src\Counselor.Platform.Interoperation\Counselor.Platform.Interoperation.csproj", "{EE119651-D310-42B5-9980-1AE0BDD8ED07}"
EndProject
Global
	GlobalSection(SolutionConfigurationPlatforms) = preSolution
		Debug|Any CPU = Debug|Any CPU
		Release|Any CPU = Release|Any CPU
	EndGlobalSection
	GlobalSection(ProjectConfigurationPlatforms) = postSolution
		{2CB53410-1833-4B0D-A650-89A7318ECEF1}.Debug|Any CPU.ActiveCfg = Debug|Any CPU
		{2CB53410-1833-4B0D-A650-89A7318ECEF1}.Debug|Any CPU.Build.0 = Debug|Any CPU
		{2CB53410-1833-4B0D-A650-89A7318ECEF1}.Release|Any CPU.ActiveCfg = Release|Any CPU
		{2CB53410-1833-4B0D-A650-89A7318ECEF1}.Release|Any CPU.Build.0 = Release|Any CPU
		{96536BB6-892D-48C5-9B1F-6BDAFBD14E46}.Debug|Any CPU.ActiveCfg = Debug|Any CPU
		{96536BB6-892D-48C5-9B1F-6BDAFBD14E46}.Debug|Any CPU.Build.0 = Debug|Any CPU
		{96536BB6-892D-48C5-9B1F-6BDAFBD14E46}.Release|Any CPU.ActiveCfg = Release|Any CPU
		{96536BB6-892D-48C5-9B1F-6BDAFBD14E46}.Release|Any CPU.Build.0 = Release|Any CPU
		{C969B46A-A075-45D1-9869-4C7B529D8570}.Debug|Any CPU.ActiveCfg = Debug|Any CPU
		{C969B46A-A075-45D1-9869-4C7B529D8570}.Debug|Any CPU.Build.0 = Debug|Any CPU
		{C969B46A-A075-45D1-9869-4C7B529D8570}.Release|Any CPU.ActiveCfg = Release|Any CPU
		{C969B46A-A075-45D1-9869-4C7B529D8570}.Release|Any CPU.Build.0 = Release|Any CPU
		{4FA8868C-3715-48F6-B8FA-391599FE1598}.Debug|Any CPU.ActiveCfg = Debug|Any CPU
		{4FA8868C-3715-48F6-B8FA-391599FE1598}.Debug|Any CPU.Build.0 = Debug|Any CPU
		{4FA8868C-3715-48F6-B8FA-391599FE1598}.Release|Any CPU.ActiveCfg = Release|Any CPU
		{4FA8868C-3715-48F6-B8FA-391599FE1598}.Release|Any CPU.Build.0 = Release|Any CPU
		{A59B5BAB-5AC8-4090-BDAC-78064E0D3A0B}.Debug|Any CPU.ActiveCfg = Debug|Any CPU
		{A59B5BAB-5AC8-4090-BDAC-78064E0D3A0B}.Debug|Any CPU.Build.0 = Debug|Any CPU
		{A59B5BAB-5AC8-4090-BDAC-78064E0D3A0B}.Release|Any CPU.ActiveCfg = Release|Any CPU
		{A59B5BAB-5AC8-4090-BDAC-78064E0D3A0B}.Release|Any CPU.Build.0 = Release|Any CPU
		{824058C9-11F3-4BCE-9216-27FCD62BFA18}.Debug|Any CPU.ActiveCfg = Debug|Any CPU
		{824058C9-11F3-4BCE-9216-27FCD62BFA18}.Debug|Any CPU.Build.0 = Debug|Any CPU
		{824058C9-11F3-4BCE-9216-27FCD62BFA18}.Release|Any CPU.ActiveCfg = Release|Any CPU
		{824058C9-11F3-4BCE-9216-27FCD62BFA18}.Release|Any CPU.Build.0 = Release|Any CPU
		{AC8AA77F-5026-43DB-BC9F-288AEC20FF28}.Debug|Any CPU.ActiveCfg = Debug|Any CPU
		{AC8AA77F-5026-43DB-BC9F-288AEC20FF28}.Debug|Any CPU.Build.0 = Debug|Any CPU
		{AC8AA77F-5026-43DB-BC9F-288AEC20FF28}.Release|Any CPU.ActiveCfg = Release|Any CPU
		{AC8AA77F-5026-43DB-BC9F-288AEC20FF28}.Release|Any CPU.Build.0 = Release|Any CPU
		{EE119651-D310-42B5-9980-1AE0BDD8ED07}.Debug|Any CPU.ActiveCfg = Debug|Any CPU
		{EE119651-D310-42B5-9980-1AE0BDD8ED07}.Debug|Any CPU.Build.0 = Debug|Any CPU
		{EE119651-D310-42B5-9980-1AE0BDD8ED07}.Release|Any CPU.ActiveCfg = Release|Any CPU
		{EE119651-D310-42B5-9980-1AE0BDD8ED07}.Release|Any CPU.Build.0 = Release|Any CPU
	EndGlobalSection
	GlobalSection(SolutionProperties) = preSolution
		HideSolutionNode = FALSE
	EndGlobalSection
	GlobalSection(NestedProjects) = preSolution
		{2CB53410-1833-4B0D-A650-89A7318ECEF1} = {3CD7FDA8-F78E-45A4-871B-B84E200E0092}
		{96536BB6-892D-48C5-9B1F-6BDAFBD14E46} = {3CD7FDA8-F78E-45A4-871B-B84E200E0092}
		{C969B46A-A075-45D1-9869-4C7B529D8570} = {3D1E2A3E-FB1B-4ED1-8FA8-DA7556230BB9}
		{4FA8868C-3715-48F6-B8FA-391599FE1598} = {3D1E2A3E-FB1B-4ED1-8FA8-DA7556230BB9}
		{A59B5BAB-5AC8-4090-BDAC-78064E0D3A0B} = {3CD7FDA8-F78E-45A4-871B-B84E200E0092}
		{824058C9-11F3-4BCE-9216-27FCD62BFA18} = {3CD7FDA8-F78E-45A4-871B-B84E200E0092}
		{AC8AA77F-5026-43DB-BC9F-288AEC20FF28} = {3CD7FDA8-F78E-45A4-871B-B84E200E0092}
		{EE119651-D310-42B5-9980-1AE0BDD8ED07} = {3CD7FDA8-F78E-45A4-871B-B84E200E0092}
	EndGlobalSection
	GlobalSection(ExtensibilityGlobals) = postSolution
		SolutionGuid = {A7D549B7-71EF-410D-A8D3-11DA5D93B72F}
	EndGlobalSection
EndGlobal
